
Microsoft Visual Studio Solution File, Format Version 12.00
# Visual Studio Version 17
VisualStudioVersion = 17.14.36511.14
MinimumVisualStudioVersion = 10.0.40219.1
Project("{FAE04EC0-301F-11D3-BF4B-00C04F79EFBC}") = "LongChauPharmacy", "LongChauPharmacy.csproj", "{0F5E1A80-8038-47B9-95E6-3296106BFABE}"
EndProject
Global
	GlobalSection(SolutionConfigurationPlatforms) = preSolution
		Debug|Any CPU = Debug|Any CPU
		Release|Any CPU = Release|Any CPU
	EndGlobalSection
	GlobalSection(ProjectConfigurationPlatforms) = postSolution
		{0F5E1A80-8038-47B9-95E6-3296106BFABE}.Debug|Any CPU.ActiveCfg = Debug|Any CPU
		{0F5E1A80-8038-47B9-95E6-3296106BFABE}.Debug|Any CPU.Build.0 = Debug|Any CPU
		{0F5E1A80-8038-47B9-95E6-3296106BFABE}.Release|Any CPU.ActiveCfg = Release|Any CPU
		{0F5E1A80-8038-47B9-95E6-3296106BFABE}.Release|Any CPU.Build.0 = Release|Any CPU
	EndGlobalSection
	GlobalSection(SolutionProperties) = preSolution
		HideSolutionNode = FALSE
	EndGlobalSection
	GlobalSection(ExtensibilityGlobals) = postSolution
		SolutionGuid = {B34F937E-1C3E-492A-B379-AA494DB7F542}
	EndGlobalSection
EndGlobal
